
Microsoft Visual Studio Solution File, Format Version 12.00
# Visual Studio 15
VisualStudioVersion = 15.0.28307.329
MinimumVisualStudioVersion = 10.0.40219.1
Project("{FAE04EC0-301F-11D3-BF4B-00C04F79EFBC}") = "dotNetAcademy", "dotNetAcademy\dotNetAcademy.csproj", "{9A446EAF-9218-48D0-AAE8-90CB32E35206}"
EndProject
Global
	GlobalSection(SolutionConfigurationPlatforms) = preSolution
		Debug|Any CPU = Debug|Any CPU
		Release|Any CPU = Release|Any CPU
	EndGlobalSection
	GlobalSection(ProjectConfigurationPlatforms) = postSolution
		{9A446EAF-9218-48D0-AAE8-90CB32E35206}.Debug|Any CPU.ActiveCfg = Debug|Any CPU
		{9A446EAF-9218-48D0-AAE8-90CB32E35206}.Debug|Any CPU.Build.0 = Debug|Any CPU
		{9A446EAF-9218-48D0-AAE8-90CB32E35206}.Release|Any CPU.ActiveCfg = Release|Any CPU
		{9A446EAF-9218-48D0-AAE8-90CB32E35206}.Release|Any CPU.Build.0 = Release|Any CPU
	EndGlobalSection
	GlobalSection(SolutionProperties) = preSolution
		HideSolutionNode = FALSE
	EndGlobalSection
	GlobalSection(ExtensibilityGlobals) = postSolution
		SolutionGuid = {A6860478-FA33-4401-8912-7ACD730073B8}
	EndGlobalSection
EndGlobal
